
Microsoft Visual Studio Solution File, Format Version 12.00
# Visual Studio 15
VisualStudioVersion = 15.0.28307.2092
MinimumVisualStudioVersion = 10.0.40219.1
Project("{8BC9CEB8-8B4A-11D0-8D11-00A0C91BC942}") = "5.29", "5.29\5.29.vcxproj", "{F950D51E-3659-412F-A86B-7199AB7B78FC}"
EndProject
Global
	GlobalSection(SolutionConfigurationPlatforms) = preSolution
		Debug|x64 = Debug|x64
		Debug|x86 = Debug|x86
		Release|x64 = Release|x64
		Release|x86 = Release|x86
	EndGlobalSection
	GlobalSection(ProjectConfigurationPlatforms) = postSolution
		{F950D51E-3659-412F-A86B-7199AB7B78FC}.Debug|x64.ActiveCfg = Debug|x64
		{F950D51E-3659-412F-A86B-7199AB7B78FC}.Debug|x64.Build.0 = Debug|x64
		{F950D51E-3659-412F-A86B-7199AB7B78FC}.Debug|x86.ActiveCfg = Debug|Win32
		{F950D51E-3659-412F-A86B-7199AB7B78FC}.Debug|x86.Build.0 = Debug|Win32
		{F950D51E-3659-412F-A86B-7199AB7B78FC}.Release|x64.ActiveCfg = Release|x64
		{F950D51E-3659-412F-A86B-7199AB7B78FC}.Release|x64.Build.0 = Release|x64
		{F950D51E-3659-412F-A86B-7199AB7B78FC}.Release|x86.ActiveCfg = Release|Win32
		{F950D51E-3659-412F-A86B-7199AB7B78FC}.Release|x86.Build.0 = Release|Win32
	EndGlobalSection
	GlobalSection(SolutionProperties) = preSolution
		HideSolutionNode = FALSE
	EndGlobalSection
	GlobalSection(ExtensibilityGlobals) = postSolution
		SolutionGuid = {083208ED-BB07-4148-A031-C80F5EFC9479}
	EndGlobalSection
EndGlobal
